
Microsoft Visual Studio Solution File, Format Version 12.00
# Visual Studio Version 17
VisualStudioVersion = 17.7.34018.315
MinimumVisualStudioVersion = 10.0.40219.1
Project("{FAE04EC0-301F-11D3-BF4B-00C04F79EFBC}") = "Data", "Data\Data.csproj", "{BCE61AC0-8730-4DDB-906E-F734066C4118}"
EndProject
Global
	GlobalSection(SolutionConfigurationPlatforms) = preSolution
		Debug|Any CPU = Debug|Any CPU
		Release|Any CPU = Release|Any CPU
	EndGlobalSection
	GlobalSection(ProjectConfigurationPlatforms) = postSolution
		{BCE61AC0-8730-4DDB-906E-F734066C4118}.Debug|Any CPU.ActiveCfg = Debug|Any CPU
		{BCE61AC0-8730-4DDB-906E-F734066C4118}.Debug|Any CPU.Build.0 = Debug|Any CPU
		{BCE61AC0-8730-4DDB-906E-F734066C4118}.Release|Any CPU.ActiveCfg = Release|Any CPU
		{BCE61AC0-8730-4DDB-906E-F734066C4118}.Release|Any CPU.Build.0 = Release|Any CPU
	EndGlobalSection
	GlobalSection(SolutionProperties) = preSolution
		HideSolutionNode = FALSE
	EndGlobalSection
	GlobalSection(ExtensibilityGlobals) = postSolution
		SolutionGuid = {56698385-7265-4F41-9544-44FB621FFDD0}
	EndGlobalSection
EndGlobal
